
Microsoft Visual Studio Solution File, Format Version 12.00
# Visual Studio Version 16
VisualStudioVersion = 16.0.31424.327
MinimumVisualStudioVersion = 10.0.40219.1
Project("{FAE04EC0-301F-11D3-BF4B-00C04F79EFBC}") = "CrudFornec", "CrudFornec\CrudFornec.csproj", "{8D817601-49C8-45E0-B0B9-52D51DA668BA}"
EndProject
Project("{2150E333-8FDC-42A3-9474-1A3956D46DE8}") = "1-Web", "1-Web", "{87A395FD-88F8-4EB9-8B3D-1F4FC4CBB46B}"
EndProject
Project("{2150E333-8FDC-42A3-9474-1A3956D46DE8}") = "2- Application", "2- Application", "{ACD0E575-7EB9-409C-ACF8-A245630E07E4}"
EndProject
Project("{2150E333-8FDC-42A3-9474-1A3956D46DE8}") = "3-Domain", "3-Domain", "{7402A866-2F41-4199-BB1A-CD11D0655AEA}"
EndProject
Project("{2150E333-8FDC-42A3-9474-1A3956D46DE8}") = "4-Infra", "4-Infra", "{B04270D9-989D-4337-8EF1-6533D7385E8A}"
EndProject
Project("{FAE04EC0-301F-11D3-BF4B-00C04F79EFBC}") = "CrudFornec.Application", "CrudFornec.Application\CrudFornec.Application.csproj", "{FAC7782E-C633-4171-9695-D251E08C6D1F}"
EndProject
Project("{FAE04EC0-301F-11D3-BF4B-00C04F79EFBC}") = "CrudFornec.Domain", "CrudFornec.Domain\CrudFornec.Domain.csproj", "{2C96716C-1566-4987-9D45-C98E93AC6120}"
EndProject
Project("{2150E333-8FDC-42A3-9474-1A3956D46DE8}") = "4.1-Data", "4.1-Data", "{DC2604BB-EF8B-40A4-9BE1-9CA370692D6E}"
EndProject
Project("{2150E333-8FDC-42A3-9474-1A3956D46DE8}") = "4.2-CrossCutting", "4.2-CrossCutting", "{F7EC90AB-2F8E-4143-97C8-B7A37AAB590F}"
EndProject
Project("{FAE04EC0-301F-11D3-BF4B-00C04F79EFBC}") = "CrudFornec.Data", "CrudFornec.Data\CrudFornec.Data.csproj", "{2C659AB1-E2F9-4720-ABFA-C9F52D376945}"
EndProject
Project("{FAE04EC0-301F-11D3-BF4B-00C04F79EFBC}") = "CrudFornec.IoC", "CrudFornec.IoC\CrudFornec.IoC.csproj", "{CEE87C1F-6F82-4475-8075-B67ABD470879}"
EndProject
Project("{FAE04EC0-301F-11D3-BF4B-00C04F79EFBC}") = "CurdFornec.Swagger", "CurdFornec.Swagger\CurdFornec.Swagger.csproj", "{0D3B80DF-0334-4566-B896-11DF94A5B90E}"
EndProject
Global
	GlobalSection(SolutionConfigurationPlatforms) = preSolution
		Debug|Any CPU = Debug|Any CPU
		Release|Any CPU = Release|Any CPU
	EndGlobalSection
	GlobalSection(ProjectConfigurationPlatforms) = postSolution
		{8D817601-49C8-45E0-B0B9-52D51DA668BA}.Debug|Any CPU.ActiveCfg = Debug|Any CPU
		{8D817601-49C8-45E0-B0B9-52D51DA668BA}.Debug|Any CPU.Build.0 = Debug|Any CPU
		{8D817601-49C8-45E0-B0B9-52D51DA668BA}.Release|Any CPU.ActiveCfg = Release|Any CPU
		{8D817601-49C8-45E0-B0B9-52D51DA668BA}.Release|Any CPU.Build.0 = Release|Any CPU
		{FAC7782E-C633-4171-9695-D251E08C6D1F}.Debug|Any CPU.ActiveCfg = Debug|Any CPU
		{FAC7782E-C633-4171-9695-D251E08C6D1F}.Debug|Any CPU.Build.0 = Debug|Any CPU
		{FAC7782E-C633-4171-9695-D251E08C6D1F}.Release|Any CPU.ActiveCfg = Release|Any CPU
		{FAC7782E-C633-4171-9695-D251E08C6D1F}.Release|Any CPU.Build.0 = Release|Any CPU
		{2C96716C-1566-4987-9D45-C98E93AC6120}.Debug|Any CPU.ActiveCfg = Debug|Any CPU
		{2C96716C-1566-4987-9D45-C98E93AC6120}.Debug|Any CPU.Build.0 = Debug|Any CPU
		{2C96716C-1566-4987-9D45-C98E93AC6120}.Release|Any CPU.ActiveCfg = Release|Any CPU
		{2C96716C-1566-4987-9D45-C98E93AC6120}.Release|Any CPU.Build.0 = Release|Any CPU
		{2C659AB1-E2F9-4720-ABFA-C9F52D376945}.Debug|Any CPU.ActiveCfg = Debug|Any CPU
		{2C659AB1-E2F9-4720-ABFA-C9F52D376945}.Debug|Any CPU.Build.0 = Debug|Any CPU
		{2C659AB1-E2F9-4720-ABFA-C9F52D376945}.Release|Any CPU.ActiveCfg = Release|Any CPU
		{2C659AB1-E2F9-4720-ABFA-C9F52D376945}.Release|Any CPU.Build.0 = Release|Any CPU
		{CEE87C1F-6F82-4475-8075-B67ABD470879}.Debug|Any CPU.ActiveCfg = Debug|Any CPU
		{CEE87C1F-6F82-4475-8075-B67ABD470879}.Debug|Any CPU.Build.0 = Debug|Any CPU
		{CEE87C1F-6F82-4475-8075-B67ABD470879}.Release|Any CPU.ActiveCfg = Release|Any CPU
		{CEE87C1F-6F82-4475-8075-B67ABD470879}.Release|Any CPU.Build.0 = Release|Any CPU
		{0D3B80DF-0334-4566-B896-11DF94A5B90E}.Debug|Any CPU.ActiveCfg = Debug|Any CPU
		{0D3B80DF-0334-4566-B896-11DF94A5B90E}.Debug|Any CPU.Build.0 = Debug|Any CPU
		{0D3B80DF-0334-4566-B896-11DF94A5B90E}.Release|Any CPU.ActiveCfg = Release|Any CPU
		{0D3B80DF-0334-4566-B896-11DF94A5B90E}.Release|Any CPU.Build.0 = Release|Any CPU
	EndGlobalSection
	GlobalSection(SolutionProperties) = preSolution
		HideSolutionNode = FALSE
	EndGlobalSection
	GlobalSection(NestedProjects) = preSolution
		{8D817601-49C8-45E0-B0B9-52D51DA668BA} = {87A395FD-88F8-4EB9-8B3D-1F4FC4CBB46B}
		{FAC7782E-C633-4171-9695-D251E08C6D1F} = {ACD0E575-7EB9-409C-ACF8-A245630E07E4}
		{2C96716C-1566-4987-9D45-C98E93AC6120} = {7402A866-2F41-4199-BB1A-CD11D0655AEA}
		{DC2604BB-EF8B-40A4-9BE1-9CA370692D6E} = {B04270D9-989D-4337-8EF1-6533D7385E8A}
		{F7EC90AB-2F8E-4143-97C8-B7A37AAB590F} = {B04270D9-989D-4337-8EF1-6533D7385E8A}
		{2C659AB1-E2F9-4720-ABFA-C9F52D376945} = {DC2604BB-EF8B-40A4-9BE1-9CA370692D6E}
		{CEE87C1F-6F82-4475-8075-B67ABD470879} = {F7EC90AB-2F8E-4143-97C8-B7A37AAB590F}
		{0D3B80DF-0334-4566-B896-11DF94A5B90E} = {F7EC90AB-2F8E-4143-97C8-B7A37AAB590F}
	EndGlobalSection
	GlobalSection(ExtensibilityGlobals) = postSolution
		SolutionGuid = {B13DF2A9-AC2B-430C-B88A-872CA177F780}
	EndGlobalSection
EndGlobal
